// !$*UTF8*$!
{
	archiveVersion = 1;
	classes = {
	};
	objectVersion = 56;
	objects = {

/* Begin PBXBuildFile section */
		531826812CAD76820049C313 /* AppDelegate.m in Sources */ = {isa = PBXBuildFile; fileRef = 531826802CAD76820049C313 /* AppDelegate.m */; };
		531826842CAD76820049C313 /* SceneDelegate.m in Sources */ = {isa = PBXBuildFile; fileRef = 531826832CAD76820049C313 /* SceneDelegate.m */; };
		531826872CAD76820049C313 /* MainViewController.m in Sources */ = {isa = PBXBuildFile; fileRef = 531826862CAD76820049C313 /* MainViewController.m */; };
		5318268D2CAD76820049C313 /* Funproject.xcdatamodeld in Sources */ = {isa = PBXBuildFile; fileRef = 5318268B2CAD76820049C313 /* Funproject.xcdatamodeld */; };
		5318268F2CAD76830049C313 /* Assets.xcassets in Resources */ = {isa = PBXBuildFile; fileRef = 5318268E2CAD76830049C313 /* Assets.xcassets */; };
		531826922CAD76830049C313 /* Base in Resources */ = {isa = PBXBuildFile; fileRef = 531826912CAD76830049C313 /* Base */; };
		531826952CAD76830049C313 /* main.m in Sources */ = {isa = PBXBuildFile; fileRef = 531826942CAD76830049C313 /* main.m */; };
		5318269D2CAD7A7A0049C313 /* DateTimePickerView.swift in Sources */ = {isa = PBXBuildFile; fileRef = 5318269C2CAD7A7A0049C313 /* DateTimePickerView.swift */; };
		5318269F2CAD7DC70049C313 /* DateTimeViewController.swift in Sources */ = {isa = PBXBuildFile; fileRef = 5318269E2CAD7DC70049C313 /* DateTimeViewController.swift */; };
		531826A12CAD7E860049C313 /* CoreDataManager.swift in Sources */ = {isa = PBXBuildFile; fileRef = 531826A02CAD7E860049C313 /* CoreDataManager.swift */; };
		531826A32CAD7F250049C313 /* APIService.swift in Sources */ = {isa = PBXBuildFile; fileRef = 531826A22CAD7F250049C313 /* APIService.swift */; };
		5343146E2CADAE6100DB2CF8 /* Date+Extensions.swift in Sources */ = {isa = PBXBuildFile; fileRef = 5343146D2CADAE5E00DB2CF8 /* Date+Extensions.swift */; };
/* End PBXBuildFile section */

/* Begin PBXFileReference section */
		5318267C2CAD76820049C313 /* Funproject.app */ = {isa = PBXFileReference; explicitFileType = wrapper.application; includeInIndex = 0; path = Funproject.app; sourceTree = BUILT_PRODUCTS_DIR; };
		5318267F2CAD76820049C313 /* AppDelegate.h */ = {isa = PBXFileReference; lastKnownFileType = sourcecode.c.h; path = AppDelegate.h; sourceTree = "<group>"; };
		531826802CAD76820049C313 /* AppDelegate.m */ = {isa = PBXFileReference; lastKnownFileType = sourcecode.c.objc; path = AppDelegate.m; sourceTree = "<group>"; };
		531826822CAD76820049C313 /* SceneDelegate.h */ = {isa = PBXFileReference; lastKnownFileType = sourcecode.c.h; path = SceneDelegate.h; sourceTree = "<group>"; };
		531826832CAD76820049C313 /* SceneDelegate.m */ = {isa = PBXFileReference; lastKnownFileType = sourcecode.c.objc; path = SceneDelegate.m; sourceTree = "<group>"; };
		531826852CAD76820049C313 /* MainViewController.h */ = {isa = PBXFileReference; lastKnownFileType = sourcecode.c.h; path = MainViewController.h; sourceTree = "<group>"; };
		531826862CAD76820049C313 /* MainViewController.m */ = {isa = PBXFileReference; lastKnownFileType = sourcecode.c.objc; path = MainViewController.m; sourceTree = "<group>"; };
		5318268C2CAD76820049C313 /* Funproject.xcdatamodel */ = {isa = PBXFileReference; lastKnownFileType = wrapper.xcdatamodel; path = Funproject.xcdatamodel; sourceTree = "<group>"; };
		5318268E2CAD76830049C313 /* Assets.xcassets */ = {isa = PBXFileReference; lastKnownFileType = folder.assetcatalog; path = Assets.xcassets; sourceTree = "<group>"; };
		531826912CAD76830049C313 /* Base */ = {isa = PBXFileReference; lastKnownFileType = file.storyboard; name = Base; path = Base.lproj/LaunchScreen.storyboard; sourceTree = "<group>"; };
		531826932CAD76830049C313 /* Info.plist */ = {isa = PBXFileReference; lastKnownFileType = text.plist.xml; path = Info.plist; sourceTree = "<group>"; };
		531826942CAD76830049C313 /* main.m */ = {isa = PBXFileReference; lastKnownFileType = sourcecode.c.objc; path = main.m; sourceTree = "<group>"; };
		5318269B2CAD7A790049C313 /* Funproject-Bridging-Header.h */ = {isa = PBXFileReference; lastKnownFileType = sourcecode.c.h; path = "Funproject-Bridging-Header.h"; sourceTree = "<group>"; };
		5318269C2CAD7A7A0049C313 /* DateTimePickerView.swift */ = {isa = PBXFileReference; lastKnownFileType = sourcecode.swift; path = DateTimePickerView.swift; sourceTree = "<group>"; };
		5318269E2CAD7DC70049C313 /* DateTimeViewController.swift */ = {isa = PBXFileReference; lastKnownFileType = sourcecode.swift; path = DateTimeViewController.swift; sourceTree = "<group>"; };
		531826A02CAD7E860049C313 /* CoreDataManager.swift */ = {isa = PBXFileReference; lastKnownFileType = sourcecode.swift; path = CoreDataManager.swift; sourceTree = "<group>"; };
		531826A22CAD7F250049C313 /* APIService.swift */ = {isa = PBXFileReference; lastKnownFileType = sourcecode.swift; path = APIService.swift; sourceTree = "<group>"; };
		534314692CAD9D5600DB2CF8 /* Company+CoreDataClass.swift */ = {isa = PBXFileReference; lastKnownFileType = sourcecode.swift; path = "Company+CoreDataClass.swift"; sourceTree = "<group>"; };
		5343146A2CAD9D5600DB2CF8 /* Company+CoreDataProperties.swift */ = {isa = PBXFileReference; lastKnownFileType = sourcecode.swift; path = "Company+CoreDataProperties.swift"; sourceTree = "<group>"; };
		5343146B2CAD9D5600DB2CF8 /* Employee+CoreDataClass.swift */ = {isa = PBXFileReference; lastKnownFileType = sourcecode.swift; path = "Employee+CoreDataClass.swift"; sourceTree = "<group>"; };
		5343146C2CAD9D5600DB2CF8 /* Employee+CoreDataProperties.swift */ = {isa = PBXFileReference; lastKnownFileType = sourcecode.swift; path = "Employee+CoreDataProperties.swift"; sourceTree = "<group>"; };
		5343146D2CADAE5E00DB2CF8 /* Date+Extensions.swift */ = {isa = PBXFileReference; lastKnownFileType = sourcecode.swift; path = "Date+Extensions.swift"; sourceTree = "<group>"; };
/* End PBXFileReference section */

/* Begin PBXFrameworksBuildPhase section */
		531826792CAD76820049C313 /* Frameworks */ = {
			isa = PBXFrameworksBuildPhase;
			buildActionMask = 2147483647;
			files = (
			);
			runOnlyForDeploymentPostprocessing = 0;
		};
/* End PBXFrameworksBuildPhase section */

/* Begin PBXGroup section */
		531826732CAD76820049C313 = {
			isa = PBXGroup;
			children = (
				5318267E2CAD76820049C313 /* Funproject */,
				5318267D2CAD76820049C313 /* Products */,
				5318269B2CAD7A790049C313 /* Funproject-Bridging-Header.h */,
			);
			sourceTree = "<group>";
		};
		5318267D2CAD76820049C313 /* Products */ = {
			isa = PBXGroup;
			children = (
				5318267C2CAD76820049C313 /* Funproject.app */,
			);
			name = Products;
			sourceTree = "<group>";
		};
		5318267E2CAD76820049C313 /* Funproject */ = {
			isa = PBXGroup;
			children = (
				531826AD2CAD87270049C313 /* CoreData */,
				5318267F2CAD76820049C313 /* AppDelegate.h */,
				531826802CAD76820049C313 /* AppDelegate.m */,
				531826822CAD76820049C313 /* SceneDelegate.h */,
				531826832CAD76820049C313 /* SceneDelegate.m */,
				531826852CAD76820049C313 /* MainViewController.h */,
				531826862CAD76820049C313 /* MainViewController.m */,
				5318269C2CAD7A7A0049C313 /* DateTimePickerView.swift */,
				5318269E2CAD7DC70049C313 /* DateTimeViewController.swift */,
				531826A02CAD7E860049C313 /* CoreDataManager.swift */,
				5343146D2CADAE5E00DB2CF8 /* Date+Extensions.swift */,
				531826A22CAD7F250049C313 /* APIService.swift */,
				5318268E2CAD76830049C313 /* Assets.xcassets */,
				531826902CAD76830049C313 /* LaunchScreen.storyboard */,
				531826932CAD76830049C313 /* Info.plist */,
				531826942CAD76830049C313 /* main.m */,
			);
			path = Funproject;
			sourceTree = "<group>";
		};
		531826AC2CAD870F0049C313 /* NSManagedObjects */ = {
			isa = PBXGroup;
			children = (
				534314692CAD9D5600DB2CF8 /* Company+CoreDataClass.swift */,
				5343146A2CAD9D5600DB2CF8 /* Company+CoreDataProperties.swift */,
				5343146B2CAD9D5600DB2CF8 /* Employee+CoreDataClass.swift */,
				5343146C2CAD9D5600DB2CF8 /* Employee+CoreDataProperties.swift */,
			);
			path = NSManagedObjects;
			sourceTree = "<group>";
		};
		531826AD2CAD87270049C313 /* CoreData */ = {
			isa = PBXGroup;
			children = (
				531826AC2CAD870F0049C313 /* NSManagedObjects */,
				5318268B2CAD76820049C313 /* Funproject.xcdatamodeld */,
			);
			path = CoreData;
			sourceTree = "<group>";
		};
/* End PBXGroup section */

/* Begin PBXNativeTarget section */
		5318267B2CAD76820049C313 /* Funproject */ = {
			isa = PBXNativeTarget;
			buildConfigurationList = 531826982CAD76830049C313 /* Build configuration list for PBXNativeTarget "Funproject" */;
			buildPhases = (
				531826782CAD76820049C313 /* Sources */,
				531826792CAD76820049C313 /* Frameworks */,
				5318267A2CAD76820049C313 /* Resources */,
			);
			buildRules = (
			);
			dependencies = (
			);
			name = Funproject;
			productName = Funproject;
			productReference = 5318267C2CAD76820049C313 /* Funproject.app */;
			productType = "com.apple.product-type.application";
		};
/* End PBXNativeTarget section */

/* Begin PBXProject section */
		531826742CAD76820049C313 /* Project object */ = {
			isa = PBXProject;
			attributes = {
				BuildIndependentTargetsInParallel = 1;
				LastUpgradeCheck = 1540;
				TargetAttributes = {
					5318267B2CAD76820049C313 = {
						CreatedOnToolsVersion = 15.4;
						LastSwiftMigration = 1540;
					};
				};
			};
			buildConfigurationList = 531826772CAD76820049C313 /* Build configuration list for PBXProject "Funproject" */;
			compatibilityVersion = "Xcode 14.0";
			developmentRegion = en;
			hasScannedForEncodings = 0;
			knownRegions = (
				en,
				Base,
			);
			mainGroup = 531826732CAD76820049C313;
			productRefGroup = 5318267D2CAD76820049C313 /* Products */;
			projectDirPath = "";
			projectRoot = "";
			targets = (
				5318267B2CAD76820049C313 /* Funproject */,
			);
		};
/* End PBXProject section */

/* Begin PBXResourcesBuildPhase section */
		5318267A2CAD76820049C313 /* Resources */ = {
			isa = PBXResourcesBuildPhase;
			buildActionMask = 2147483647;
			files = (
				5318268F2CAD76830049C313 /* Assets.xcassets in Resources */,
				531826922CAD76830049C313 /* Base in Resources */,
			);
			runOnlyForDeploymentPostprocessing = 0;
		};
/* End PBXResourcesBuildPhase section */

/* Begin PBXSourcesBuildPhase section */
		531826782CAD76820049C313 /* Sources */ = {
			isa = PBXSourcesBuildPhase;
			buildActionMask = 2147483647;
			files = (
				531826952CAD76830049C313 /* main.m in Sources */,
				531826872CAD76820049C313 /* MainViewController.m in Sources */,
				531826812CAD76820049C313 /* AppDelegate.m in Sources */,
				5343146E2CADAE6100DB2CF8 /* Date+Extensions.swift in Sources */,
				5318269D2CAD7A7A0049C313 /* DateTimePickerView.swift in Sources */,
				531826842CAD76820049C313 /* SceneDelegate.m in Sources */,
				5318268D2CAD76820049C313 /* Funproject.xcdatamodeld in Sources */,
				531826A32CAD7F250049C313 /* APIService.swift in Sources */,
				531826A12CAD7E860049C313 /* CoreDataManager.swift in Sources */,
				5318269F2CAD7DC70049C313 /* DateTimeViewController.swift in Sources */,
			);
			runOnlyForDeploymentPostprocessing = 0;
		};
/* End PBXSourcesBuildPhase section */

/* Begin PBXVariantGroup section */
		531826902CAD76830049C313 /* LaunchScreen.storyboard */ = {
			isa = PBXVariantGroup;
			children = (
				531826912CAD76830049C313 /* Base */,
			);
			name = LaunchScreen.storyboard;
			sourceTree = "<group>";
		};
/* End PBXVariantGroup section */

/* Begin XCBuildConfiguration section */
		531826962CAD76830049C313 /* Debug */ = {
			isa = XCBuildConfiguration;
			buildSettings = {
				ALWAYS_SEARCH_USER_PATHS = NO;
				ASSETCATALOG_COMPILER_GENERATE_SWIFT_ASSET_SYMBOL_EXTENSIONS = YES;
				CLANG_ANALYZER_NONNULL = YES;
				CLANG_ANALYZER_NUMBER_OBJECT_CONVERSION = YES_AGGRESSIVE;
				CLANG_CXX_LANGUAGE_STANDARD = "gnu++20";
				CLANG_ENABLE_MODULES = YES;
				CLANG_ENABLE_OBJC_ARC = YES;
				CLANG_ENABLE_OBJC_WEAK = YES;
				CLANG_WARN_BLOCK_CAPTURE_AUTORELEASING = YES;
				CLANG_WARN_BOOL_CONVERSION = YES;
				CLANG_WARN_COMMA = YES;
				CLANG_WARN_CONSTANT_CONVERSION = YES;
				CLANG_WARN_DEPRECATED_OBJC_IMPLEMENTATIONS = YES;
				CLANG_WARN_DIRECT_OBJC_ISA_USAGE = YES_ERROR;
				CLANG_WARN_DOCUMENTATION_COMMENTS = YES;
				CLANG_WARN_EMPTY_BODY = YES;
				CLANG_WARN_ENUM_CONVERSION = YES;
				CLANG_WARN_INFINITE_RECURSION = YES;
				CLANG_WARN_INT_CONVERSION = YES;
				CLANG_WARN_NON_LITERAL_NULL_CONVERSION = YES;
				CLANG_WARN_OBJC_IMPLICIT_RETAIN_SELF = YES;
				CLANG_WARN_OBJC_LITERAL_CONVERSION = YES;
				CLANG_WARN_OBJC_ROOT_CLASS = YES_ERROR;
				CLANG_WARN_QUOTED_INCLUDE_IN_FRAMEWORK_HEADER = YES;
				CLANG_WARN_RANGE_LOOP_ANALYSIS = YES;
				CLANG_WARN_STRICT_PROTOTYPES = YES;
				CLANG_WARN_SUSPICIOUS_MOVE = YES;
				CLANG_WARN_UNGUARDED_AVAILABILITY = YES_AGGRESSIVE;
				CLANG_WARN_UNREACHABLE_CODE = YES;
				CLANG_WARN__DUPLICATE_METHOD_MATCH = YES;
				COPY_PHASE_STRIP = NO;
				DEBUG_INFORMATION_FORMAT = dwarf;
				ENABLE_STRICT_OBJC_MSGSEND = YES;
				ENABLE_TESTABILITY = YES;
				ENABLE_USER_SCRIPT_SANDBOXING = YES;
				GCC_C_LANGUAGE_STANDARD = gnu17;
				GCC_DYNAMIC_NO_PIC = NO;
				GCC_NO_COMMON_BLOCKS = YES;
				GCC_OPTIMIZATION_LEVEL = 0;
				GCC_PREPROCESSOR_DEFINITIONS = (
					"DEBUG=1",
					"$(inherited)",
				);
				GCC_WARN_64_TO_32_BIT_CONVERSION = YES;
				GCC_WARN_ABOUT_RETURN_TYPE = YES_ERROR;
				GCC_WARN_UNDECLARED_SELECTOR = YES;
				GCC_WARN_UNINITIALIZED_AUTOS = YES_AGGRESSIVE;
				GCC_WARN_UNUSED_FUNCTION = YES;
				GCC_WARN_UNUSED_VARIABLE = YES;
				IPHONEOS_DEPLOYMENT_TARGET = 17.5;
				LOCALIZATION_PREFERS_STRING_CATALOGS = YES;
				MTL_ENABLE_DEBUG_INFO = INCLUDE_SOURCE;
				MTL_FAST_MATH = YES;
				ONLY_ACTIVE_ARCH = YES;
				SDKROOT = iphoneos;
			};
			name = Debug;
		};
		531826972CAD76830049C313 /* Release */ = {
			isa = XCBuildConfiguration;
			buildSettings = {
				ALWAYS_SEARCH_USER_PATHS = NO;
				ASSETCATALOG_COMPILER_GENERATE_SWIFT_ASSET_SYMBOL_EXTENSIONS = YES;
				CLANG_ANALYZER_NONNULL = YES;
				CLANG_ANALYZER_NUMBER_OBJECT_CONVERSION = YES_AGGRESSIVE;
				CLANG_CXX_LANGUAGE_STANDARD = "gnu++20";
				CLANG_ENABLE_MODULES = YES;
				CLANG_ENABLE_OBJC_ARC = YES;
				CLANG_ENABLE_OBJC_WEAK = YES;
				CLANG_WARN_BLOCK_CAPTURE_AUTORELEASING = YES;
				CLANG_WARN_BOOL_CONVERSION = YES;
				CLANG_WARN_COMMA = YES;
				CLANG_WARN_CONSTANT_CONVERSION = YES;
				CLANG_WARN_DEPRECATED_OBJC_IMPLEMENTATIONS = YES;
				CLANG_WARN_DIRECT_OBJC_ISA_USAGE = YES_ERROR;
				CLANG_WARN_DOCUMENTATION_COMMENTS = YES;
				CLANG_WARN_EMPTY_BODY = YES;
				CLANG_WARN_ENUM_CONVERSION = YES;
				CLANG_WARN_INFINITE_RECURSION = YES;
				CLANG_WARN_INT_CONVERSION = YES;
				CLANG_WARN_NON_LITERAL_NULL_CONVERSION = YES;
				CLANG_WARN_OBJC_IMPLICIT_RETAIN_SELF = YES;
				CLANG_WARN_OBJC_LITERAL_CONVERSION = YES;
				CLANG_WARN_OBJC_ROOT_CLASS = YES_ERROR;
				CLANG_WARN_QUOTED_INCLUDE_IN_FRAMEWORK_HEADER = YES;
				CLANG_WARN_RANGE_LOOP_ANALYSIS = YES;
				CLANG_WARN_STRICT_PROTOTYPES = YES;
				CLANG_WARN_SUSPICIOUS_MOVE = YES;
				CLANG_WARN_UNGUARDED_AVAILABILITY = YES_AGGRESSIVE;
				CLANG_WARN_UNREACHABLE_CODE = YES;
				CLANG_WARN__DUPLICATE_METHOD_MATCH = YES;
				COPY_PHASE_STRIP = NO;
				DEBUG_INFORMATION_FORMAT = "dwarf-with-dsym";
				ENABLE_NS_ASSERTIONS = NO;
				ENABLE_STRICT_OBJC_MSGSEND = YES;
				ENABLE_USER_SCRIPT_SANDBOXING = YES;
				GCC_C_LANGUAGE_STANDARD = gnu17;
				GCC_NO_COMMON_BLOCKS = YES;
				GCC_WARN_64_TO_32_BIT_CONVERSION = YES;
				GCC_WARN_ABOUT_RETURN_TYPE = YES_ERROR;
				GCC_WARN_UNDECLARED_SELECTOR = YES;
				GCC_WARN_UNINITIALIZED_AUTOS = YES_AGGRESSIVE;
				GCC_WARN_UNUSED_FUNCTION = YES;
				GCC_WARN_UNUSED_VARIABLE = YES;
				IPHONEOS_DEPLOYMENT_TARGET = 17.5;
				LOCALIZATION_PREFERS_STRING_CATALOGS = YES;
				MTL_ENABLE_DEBUG_INFO = NO;
				MTL_FAST_MATH = YES;
				SDKROOT = iphoneos;
				VALIDATE_PRODUCT = YES;
			};
			name = Release;
		};
		531826992CAD76830049C313 /* Debug */ = {
			isa = XCBuildConfiguration;
			buildSettings = {
				ASSETCATALOG_COMPILER_APPICON_NAME = AppIcon;
				ASSETCATALOG_COMPILER_GLOBAL_ACCENT_COLOR_NAME = AccentColor;
				CLANG_ENABLE_MODULES = YES;
				CODE_SIGN_STYLE = Automatic;
				CURRENT_PROJECT_VERSION = 1;
				DEVELOPMENT_TEAM = Z552FQVK29;
				GENERATE_INFOPLIST_FILE = YES;
				INFOPLIST_FILE = Funproject/Info.plist;
				INFOPLIST_KEY_UIApplicationSupportsIndirectInputEvents = YES;
				INFOPLIST_KEY_UILaunchStoryboardName = LaunchScreen;
				INFOPLIST_KEY_UISupportedInterfaceOrientations_iPad = "UIInterfaceOrientationPortrait UIInterfaceOrientationPortraitUpsideDown UIInterfaceOrientationLandscapeLeft UIInterfaceOrientationLandscapeRight";
				INFOPLIST_KEY_UISupportedInterfaceOrientations_iPhone = "UIInterfaceOrientationPortrait UIInterfaceOrientationLandscapeLeft UIInterfaceOrientationLandscapeRight";
				LD_RUNPATH_SEARCH_PATHS = (
					"$(inherited)",
					"@executable_path/Frameworks",
				);
				MARKETING_VERSION = 1.0;
				PRODUCT_BUNDLE_IDENTIFIER = Funproject.Funproject;
				PRODUCT_NAME = "$(TARGET_NAME)";
				SWIFT_EMIT_LOC_STRINGS = YES;
				SWIFT_OBJC_BRIDGING_HEADER = "Funproject-Bridging-Header.h";
				SWIFT_OPTIMIZATION_LEVEL = "-Onone";
				SWIFT_VERSION = 5.0;
				TARGETED_DEVICE_FAMILY = "1,2";
			};
			name = Debug;
		};
		5318269A2CAD76830049C313 /* Release */ = {
			isa = XCBuildConfiguration;
			buildSettings = {
				ASSETCATALOG_COMPILER_APPICON_NAME = AppIcon;
				ASSETCATALOG_COMPILER_GLOBAL_ACCENT_COLOR_NAME = AccentColor;
				CLANG_ENABLE_MODULES = YES;
				CODE_SIGN_STYLE = Automatic;
				CURRENT_PROJECT_VERSION = 1;
				DEVELOPMENT_TEAM = Z552FQVK29;
				GENERATE_INFOPLIST_FILE = YES;
				INFOPLIST_FILE = Funproject/Info.plist;
				INFOPLIST_KEY_UIApplicationSupportsIndirectInputEvents = YES;
				INFOPLIST_KEY_UILaunchStoryboardName = LaunchScreen;
				INFOPLIST_KEY_UISupportedInterfaceOrientations_iPad = "UIInterfaceOrientationPortrait UIInterfaceOrientationPortraitUpsideDown UIInterfaceOrientationLandscapeLeft UIInterfaceOrientationLandscapeRight";
				INFOPLIST_KEY_UISupportedInterfaceOrientations_iPhone = "UIInterfaceOrientationPortrait UIInterfaceOrientationLandscapeLeft UIInterfaceOrientationLandscapeRight";
				LD_RUNPATH_SEARCH_PATHS = (
					"$(inherited)",
					"@executable_path/Frameworks",
				);
				MARKETING_VERSION = 1.0;
				PRODUCT_BUNDLE_IDENTIFIER = Funproject.Funproject;
				PRODUCT_NAME = "$(TARGET_NAME)";
				SWIFT_EMIT_LOC_STRINGS = YES;
				SWIFT_OBJC_BRIDGING_HEADER = "Funproject-Bridging-Header.h";
				SWIFT_VERSION = 5.0;
				TARGETED_DEVICE_FAMILY = "1,2";
			};
			name = Release;
		};
/* End XCBuildConfiguration section */

/* Begin XCConfigurationList section */
		531826772CAD76820049C313 /* Build configuration list for PBXProject "Funproject" */ = {
			isa = XCConfigurationList;
			buildConfigurations = (
				531826962CAD76830049C313 /* Debug */,
				531826972CAD76830049C313 /* Release */,
			);
			defaultConfigurationIsVisible = 0;
			defaultConfigurationName = Release;
		};
		531826982CAD76830049C313 /* Build configuration list for PBXNativeTarget "Funproject" */ = {
			isa = XCConfigurationList;
			buildConfigurations = (
				531826992CAD76830049C313 /* Debug */,
				5318269A2CAD76830049C313 /* Release */,
			);
			defaultConfigurationIsVisible = 0;
			defaultConfigurationName = Release;
		};
/* End XCConfigurationList section */

/* Begin XCVersionGroup section */
		5318268B2CAD76820049C313 /* Funproject.xcdatamodeld */ = {
			isa = XCVersionGroup;
			children = (
				5318268C2CAD76820049C313 /* Funproject.xcdatamodel */,
			);
			currentVersion = 5318268C2CAD76820049C313 /* Funproject.xcdatamodel */;
			path = Funproject.xcdatamodeld;
			sourceTree = "<group>";
			versionGroupType = wrapper.xcdatamodel;
		};
/* End XCVersionGroup section */
	};
	rootObject = 531826742CAD76820049C313 /* Project object */;
}
